
Microsoft Visual Studio Solution File, Format Version 12.00
# Visual Studio 15
VisualStudioVersion = 15.0.27130.2010
MinimumVisualStudioVersion = 10.0.40219.1
Project("{FAE04EC0-301F-11D3-BF4B-00C04F79EFBC}") = "BethanysPieShop", "BethanysPieShop\BethanysPieShop.csproj", "{D4DFE720-C718-47A1-AC4D-F1B97E870122}"
EndProject
Global
	GlobalSection(SolutionConfigurationPlatforms) = preSolution
		Debug|Any CPU = Debug|Any CPU
		Release|Any CPU = Release|Any CPU
	EndGlobalSection
	GlobalSection(ProjectConfigurationPlatforms) = postSolution
		{D4DFE720-C718-47A1-AC4D-F1B97E870122}.Debug|Any CPU.ActiveCfg = Debug|Any CPU
		{D4DFE720-C718-47A1-AC4D-F1B97E870122}.Debug|Any CPU.Build.0 = Debug|Any CPU
		{D4DFE720-C718-47A1-AC4D-F1B97E870122}.Release|Any CPU.ActiveCfg = Release|Any CPU
		{D4DFE720-C718-47A1-AC4D-F1B97E870122}.Release|Any CPU.Build.0 = Release|Any CPU
	EndGlobalSection
	GlobalSection(SolutionProperties) = preSolution
		HideSolutionNode = FALSE
	EndGlobalSection
	GlobalSection(ExtensibilityGlobals) = postSolution
		SolutionGuid = {43A0A1E8-660D-4592-A197-F5D46DFE7295}
	EndGlobalSection
EndGlobal
